// !$*UTF8*$!
{
	archiveVersion = 1;
	classes = {
	};
	objectVersion = 50;
	objects = {

/* Begin PBXGroup section */
		C3A9ECB62564509100FD225B = {
			isa = PBXGroup;
			children = (
			);
			sourceTree = "<group>";
		};
/* End PBXGroup section */

/* Begin PBXProject section */
		C3A9ECB72564509100FD225B /* Project object */ = {
			isa = PBXProject;
			attributes = {
				LastUpgradeCheck = 1170;
			};
			buildConfigurationList = C3A9ECBA2564509100FD225B /* Build configuration list for PBXProject "OpenGL_Tutorial" */;
			compatibilityVersion = "Xcode 9.3";
			developmentRegion = en;
			hasScannedForEncodings = 0;
			knownRegions = (
				en,
				Base,
			);
			mainGroup = C3A9ECB62564509100FD225B;
			projectDirPath = "";
			projectRoot = "";
			targets = (
			);
		};
/* End PBXProject section */

/* Begin XCBuildConfiguration section */
		C3A9ECBB2564509100FD225B /* Debug */ = {
			isa = XCBuildConfiguration;
			buildSettings = {
			};
			name = Debug;
		};
		C3A9ECBC2564509100FD225B /* Release */ = {
			isa = XCBuildConfiguration;
			buildSettings = {
			};
			name = Release;
		};
/* End XCBuildConfiguration section */

/* Begin XCConfigurationList section */
		C3A9ECBA2564509100FD225B /* Build configuration list for PBXProject "OpenGL_Tutorial" */ = {
			isa = XCConfigurationList;
			buildConfigurations = (
				C3A9ECBB2564509100FD225B /* Debug */,
				C3A9ECBC2564509100FD225B /* Release */,
			);
			defaultConfigurationIsVisible = 0;
			defaultConfigurationName = Release;
		};
/* End XCConfigurationList section */
	};
	rootObject = C3A9ECB72564509100FD225B /* Project object */;
}
