// !$*UTF8*$!
{
	archiveVersion = 1;
	classes = {
	};
	objectVersion = 50;
	objects = {

/* Begin PBXBuildFile section */
		C3A9ECC5256452F200FD225B /* main.cpp in Sources */ = {isa = PBXBuildFile; fileRef = C3A9ECC4256452F200FD225B /* main.cpp */; };
		C3A9ECCE2564552700FD225B /* libglfw3.a in Frameworks */ = {isa = PBXBuildFile; fileRef = C3A9ECCD2564552700FD225B /* libglfw3.a */; };
		C3A9ECD12565110900FD225B /* OpenGL.framework in Frameworks */ = {isa = PBXBuildFile; fileRef = C3A9ECD02565110900FD225B /* OpenGL.framework */; };
		C3A9ECD3256580C500FD225B /* Cocoa.framework in Frameworks */ = {isa = PBXBuildFile; fileRef = C3A9ECD2256580C500FD225B /* Cocoa.framework */; };
		C3A9ECD5256580EB00FD225B /* IOKit.framework in Frameworks */ = {isa = PBXBuildFile; fileRef = C3A9ECD4256580EB00FD225B /* IOKit.framework */; };
		C3A9ECD7256580F200FD225B /* CoreVideo.framework in Frameworks */ = {isa = PBXBuildFile; fileRef = C3A9ECD6256580F200FD225B /* CoreVideo.framework */; };
		C3A9ECDC2565B4C200FD225B /* FEngine.cpp in Sources */ = {isa = PBXBuildFile; fileRef = C3A9ECDA2565B4C200FD225B /* FEngine.cpp */; };
/* End PBXBuildFile section */

/* Begin PBXCopyFilesBuildPhase section */
		C3A9ECBF256452F200FD225B /* CopyFiles */ = {
			isa = PBXCopyFilesBuildPhase;
			buildActionMask = 2147483647;
			dstPath = /usr/share/man/man1/;
			dstSubfolderSpec = 0;
			files = (
			);
			runOnlyForDeploymentPostprocessing = 1;
		};
/* End PBXCopyFilesBuildPhase section */

/* Begin PBXFileReference section */
		C3A9ECC1256452F200FD225B /* GoOpenGL */ = {isa = PBXFileReference; explicitFileType = "compiled.mach-o.executable"; includeInIndex = 0; path = GoOpenGL; sourceTree = BUILT_PRODUCTS_DIR; };
		C3A9ECC4256452F200FD225B /* main.cpp */ = {isa = PBXFileReference; lastKnownFileType = sourcecode.cpp.cpp; path = main.cpp; sourceTree = "<group>"; };
		C3A9ECCD2564552700FD225B /* libglfw3.a */ = {isa = PBXFileReference; lastKnownFileType = archive.ar; name = libglfw3.a; path = Libs/libglfw3.a; sourceTree = "<group>"; };
		C3A9ECD02565110900FD225B /* OpenGL.framework */ = {isa = PBXFileReference; lastKnownFileType = wrapper.framework; name = OpenGL.framework; path = System/Library/Frameworks/OpenGL.framework; sourceTree = SDKROOT; };
		C3A9ECD2256580C500FD225B /* Cocoa.framework */ = {isa = PBXFileReference; lastKnownFileType = wrapper.framework; name = Cocoa.framework; path = System/Library/Frameworks/Cocoa.framework; sourceTree = SDKROOT; };
		C3A9ECD4256580EB00FD225B /* IOKit.framework */ = {isa = PBXFileReference; lastKnownFileType = wrapper.framework; name = IOKit.framework; path = System/Library/Frameworks/IOKit.framework; sourceTree = SDKROOT; };
		C3A9ECD6256580F200FD225B /* CoreVideo.framework */ = {isa = PBXFileReference; lastKnownFileType = wrapper.framework; name = CoreVideo.framework; path = System/Library/Frameworks/CoreVideo.framework; sourceTree = SDKROOT; };
		C3A9ECDA2565B4C200FD225B /* FEngine.cpp */ = {isa = PBXFileReference; lastKnownFileType = sourcecode.cpp.cpp; path = FEngine.cpp; sourceTree = "<group>"; };
		C3A9ECDB2565B4C200FD225B /* FEngine.h */ = {isa = PBXFileReference; lastKnownFileType = sourcecode.c.h; path = FEngine.h; sourceTree = "<group>"; };
/* End PBXFileReference section */

/* Begin PBXFrameworksBuildPhase section */
		C3A9ECBE256452F200FD225B /* Frameworks */ = {
			isa = PBXFrameworksBuildPhase;
			buildActionMask = 2147483647;
			files = (
				C3A9ECD7256580F200FD225B /* CoreVideo.framework in Frameworks */,
				C3A9ECD5256580EB00FD225B /* IOKit.framework in Frameworks */,
				C3A9ECD3256580C500FD225B /* Cocoa.framework in Frameworks */,
				C3A9ECCE2564552700FD225B /* libglfw3.a in Frameworks */,
				C3A9ECD12565110900FD225B /* OpenGL.framework in Frameworks */,
			);
			runOnlyForDeploymentPostprocessing = 0;
		};
/* End PBXFrameworksBuildPhase section */

/* Begin PBXGroup section */
		C3A9ECB62564509100FD225B = {
			isa = PBXGroup;
			children = (
				C3A9ECD92565B3BA00FD225B /* Source */,
				C3A9ECC3256452F200FD225B /* GoOpenGL */,
				C3A9ECC2256452F200FD225B /* Products */,
				C3A9ECCC2564552700FD225B /* Frameworks */,
			);
			sourceTree = "<group>";
		};
		C3A9ECC2256452F200FD225B /* Products */ = {
			isa = PBXGroup;
			children = (
				C3A9ECC1256452F200FD225B /* GoOpenGL */,
			);
			name = Products;
			sourceTree = "<group>";
		};
		C3A9ECC3256452F200FD225B /* GoOpenGL */ = {
			isa = PBXGroup;
			children = (
				C3A9ECC4256452F200FD225B /* main.cpp */,
			);
			path = GoOpenGL;
			sourceTree = "<group>";
		};
		C3A9ECCC2564552700FD225B /* Frameworks */ = {
			isa = PBXGroup;
			children = (
				C3A9ECD6256580F200FD225B /* CoreVideo.framework */,
				C3A9ECD4256580EB00FD225B /* IOKit.framework */,
				C3A9ECD2256580C500FD225B /* Cocoa.framework */,
				C3A9ECD02565110900FD225B /* OpenGL.framework */,
				C3A9ECCD2564552700FD225B /* libglfw3.a */,
			);
			name = Frameworks;
			sourceTree = "<group>";
		};
		C3A9ECD92565B3BA00FD225B /* Source */ = {
			isa = PBXGroup;
			children = (
				C3A9ECDA2565B4C200FD225B /* FEngine.cpp */,
				C3A9ECDB2565B4C200FD225B /* FEngine.h */,
			);
			path = Source;
			sourceTree = "<group>";
		};
/* End PBXGroup section */

/* Begin PBXNativeTarget section */
		C3A9ECC0256452F200FD225B /* GoOpenGL */ = {
			isa = PBXNativeTarget;
			buildConfigurationList = C3A9ECC8256452F200FD225B /* Build configuration list for PBXNativeTarget "GoOpenGL" */;
			buildPhases = (
				C3A9ECBD256452F200FD225B /* Sources */,
				C3A9ECBE256452F200FD225B /* Frameworks */,
				C3A9ECBF256452F200FD225B /* CopyFiles */,
			);
			buildRules = (
			);
			dependencies = (
			);
			name = GoOpenGL;
			productName = GoOpenGL;
			productReference = C3A9ECC1256452F200FD225B /* GoOpenGL */;
			productType = "com.apple.product-type.tool";
		};
/* End PBXNativeTarget section */

/* Begin PBXProject section */
		C3A9ECB72564509100FD225B /* Project object */ = {
			isa = PBXProject;
			attributes = {
				LastUpgradeCheck = 1170;
				TargetAttributes = {
					C3A9ECC0256452F200FD225B = {
						CreatedOnToolsVersion = 11.7;
					};
				};
			};
			buildConfigurationList = C3A9ECBA2564509100FD225B /* Build configuration list for PBXProject "OpenGL_Tutorial" */;
			compatibilityVersion = "Xcode 9.3";
			developmentRegion = en;
			hasScannedForEncodings = 0;
			knownRegions = (
				en,
				Base,
			);
			mainGroup = C3A9ECB62564509100FD225B;
			productRefGroup = C3A9ECC2256452F200FD225B /* Products */;
			projectDirPath = "";
			projectRoot = "";
			targets = (
				C3A9ECC0256452F200FD225B /* GoOpenGL */,
			);
		};
/* End PBXProject section */

/* Begin PBXSourcesBuildPhase section */
		C3A9ECBD256452F200FD225B /* Sources */ = {
			isa = PBXSourcesBuildPhase;
			buildActionMask = 2147483647;
			files = (
				C3A9ECDC2565B4C200FD225B /* FEngine.cpp in Sources */,
				C3A9ECC5256452F200FD225B /* main.cpp in Sources */,
			);
			runOnlyForDeploymentPostprocessing = 0;
		};
/* End PBXSourcesBuildPhase section */

/* Begin XCBuildConfiguration section */
		C3A9ECBB2564509100FD225B /* Debug */ = {
			isa = XCBuildConfiguration;
			buildSettings = {
				"HEADER_SEARCH_PATHS[arch=*]" = (
					Include,
					Source,
				);
			};
			name = Debug;
		};
		C3A9ECBC2564509100FD225B /* Release */ = {
			isa = XCBuildConfiguration;
			buildSettings = {
				"HEADER_SEARCH_PATHS[arch=*]" = (
					Include,
					Source,
				);
			};
			name = Release;
		};
		C3A9ECC6256452F200FD225B /* Debug */ = {
			isa = XCBuildConfiguration;
			buildSettings = {
				ALWAYS_SEARCH_USER_PATHS = NO;
				CLANG_ANALYZER_NONNULL = YES;
				CLANG_ANALYZER_NUMBER_OBJECT_CONVERSION = YES_AGGRESSIVE;
				CLANG_CXX_LANGUAGE_STANDARD = "gnu++14";
				CLANG_CXX_LIBRARY = "libc++";
				CLANG_ENABLE_MODULES = YES;
				CLANG_ENABLE_OBJC_ARC = YES;
				CLANG_ENABLE_OBJC_WEAK = YES;
				CLANG_WARN_BLOCK_CAPTURE_AUTORELEASING = YES;
				CLANG_WARN_BOOL_CONVERSION = YES;
				CLANG_WARN_COMMA = YES;
				CLANG_WARN_CONSTANT_CONVERSION = YES;
				CLANG_WARN_DEPRECATED_OBJC_IMPLEMENTATIONS = YES;
				CLANG_WARN_DIRECT_OBJC_ISA_USAGE = YES_ERROR;
				CLANG_WARN_DOCUMENTATION_COMMENTS = YES;
				CLANG_WARN_EMPTY_BODY = YES;
				CLANG_WARN_ENUM_CONVERSION = YES;
				CLANG_WARN_INFINITE_RECURSION = YES;
				CLANG_WARN_INT_CONVERSION = YES;
				CLANG_WARN_NON_LITERAL_NULL_CONVERSION = YES;
				CLANG_WARN_OBJC_IMPLICIT_RETAIN_SELF = YES;
				CLANG_WARN_OBJC_LITERAL_CONVERSION = YES;
				CLANG_WARN_OBJC_ROOT_CLASS = YES_ERROR;
				CLANG_WARN_RANGE_LOOP_ANALYSIS = YES;
				CLANG_WARN_STRICT_PROTOTYPES = YES;
				CLANG_WARN_SUSPICIOUS_MOVE = YES;
				CLANG_WARN_UNGUARDED_AVAILABILITY = YES_AGGRESSIVE;
				CLANG_WARN_UNREACHABLE_CODE = YES;
				CLANG_WARN__DUPLICATE_METHOD_MATCH = YES;
				CODE_SIGN_STYLE = Automatic;
				COPY_PHASE_STRIP = NO;
				DEBUG_INFORMATION_FORMAT = dwarf;
				DEVELOPMENT_TEAM = WA5Y7KL3R6;
				ENABLE_HARDENED_RUNTIME = YES;
				ENABLE_STRICT_OBJC_MSGSEND = YES;
				ENABLE_TESTABILITY = YES;
				GCC_C_LANGUAGE_STANDARD = gnu11;
				GCC_DYNAMIC_NO_PIC = NO;
				GCC_NO_COMMON_BLOCKS = YES;
				GCC_OPTIMIZATION_LEVEL = 0;
				GCC_PREPROCESSOR_DEFINITIONS = (
					"DEBUG=1",
					"$(inherited)",
				);
				GCC_WARN_64_TO_32_BIT_CONVERSION = YES;
				GCC_WARN_ABOUT_RETURN_TYPE = YES_ERROR;
				GCC_WARN_UNDECLARED_SELECTOR = YES;
				GCC_WARN_UNINITIALIZED_AUTOS = YES_AGGRESSIVE;
				GCC_WARN_UNUSED_FUNCTION = YES;
				GCC_WARN_UNUSED_VARIABLE = YES;
				LIBRARY_SEARCH_PATHS = (
					"$(inherited)",
					"$(PROJECT_DIR)/Libs",
				);
				MACOSX_DEPLOYMENT_TARGET = 10.15;
				MTL_ENABLE_DEBUG_INFO = INCLUDE_SOURCE;
				MTL_FAST_MATH = YES;
				ONLY_ACTIVE_ARCH = YES;
				PRODUCT_NAME = "$(TARGET_NAME)";
				SDKROOT = macosx;
			};
			name = Debug;
		};
		C3A9ECC7256452F200FD225B /* Release */ = {
			isa = XCBuildConfiguration;
			buildSettings = {
				ALWAYS_SEARCH_USER_PATHS = NO;
				CLANG_ANALYZER_NONNULL = YES;
				CLANG_ANALYZER_NUMBER_OBJECT_CONVERSION = YES_AGGRESSIVE;
				CLANG_CXX_LANGUAGE_STANDARD = "gnu++14";
				CLANG_CXX_LIBRARY = "libc++";
				CLANG_ENABLE_MODULES = YES;
				CLANG_ENABLE_OBJC_ARC = YES;
				CLANG_ENABLE_OBJC_WEAK = YES;
				CLANG_WARN_BLOCK_CAPTURE_AUTORELEASING = YES;
				CLANG_WARN_BOOL_CONVERSION = YES;
				CLANG_WARN_COMMA = YES;
				CLANG_WARN_CONSTANT_CONVERSION = YES;
				CLANG_WARN_DEPRECATED_OBJC_IMPLEMENTATIONS = YES;
				CLANG_WARN_DIRECT_OBJC_ISA_USAGE = YES_ERROR;
				CLANG_WARN_DOCUMENTATION_COMMENTS = YES;
				CLANG_WARN_EMPTY_BODY = YES;
				CLANG_WARN_ENUM_CONVERSION = YES;
				CLANG_WARN_INFINITE_RECURSION = YES;
				CLANG_WARN_INT_CONVERSION = YES;
				CLANG_WARN_NON_LITERAL_NULL_CONVERSION = YES;
				CLANG_WARN_OBJC_IMPLICIT_RETAIN_SELF = YES;
				CLANG_WARN_OBJC_LITERAL_CONVERSION = YES;
				CLANG_WARN_OBJC_ROOT_CLASS = YES_ERROR;
				CLANG_WARN_RANGE_LOOP_ANALYSIS = YES;
				CLANG_WARN_STRICT_PROTOTYPES = YES;
				CLANG_WARN_SUSPICIOUS_MOVE = YES;
				CLANG_WARN_UNGUARDED_AVAILABILITY = YES_AGGRESSIVE;
				CLANG_WARN_UNREACHABLE_CODE = YES;
				CLANG_WARN__DUPLICATE_METHOD_MATCH = YES;
				CODE_SIGN_STYLE = Automatic;
				COPY_PHASE_STRIP = NO;
				DEBUG_INFORMATION_FORMAT = "dwarf-with-dsym";
				DEVELOPMENT_TEAM = WA5Y7KL3R6;
				ENABLE_HARDENED_RUNTIME = YES;
				ENABLE_NS_ASSERTIONS = NO;
				ENABLE_STRICT_OBJC_MSGSEND = YES;
				GCC_C_LANGUAGE_STANDARD = gnu11;
				GCC_NO_COMMON_BLOCKS = YES;
				GCC_WARN_64_TO_32_BIT_CONVERSION = YES;
				GCC_WARN_ABOUT_RETURN_TYPE = YES_ERROR;
				GCC_WARN_UNDECLARED_SELECTOR = YES;
				GCC_WARN_UNINITIALIZED_AUTOS = YES_AGGRESSIVE;
				GCC_WARN_UNUSED_FUNCTION = YES;
				GCC_WARN_UNUSED_VARIABLE = YES;
				LIBRARY_SEARCH_PATHS = (
					"$(inherited)",
					"$(PROJECT_DIR)/Libs",
				);
				MACOSX_DEPLOYMENT_TARGET = 10.15;
				MTL_ENABLE_DEBUG_INFO = NO;
				MTL_FAST_MATH = YES;
				PRODUCT_NAME = "$(TARGET_NAME)";
				SDKROOT = macosx;
			};
			name = Release;
		};
/* End XCBuildConfiguration section */

/* Begin XCConfigurationList section */
		C3A9ECBA2564509100FD225B /* Build configuration list for PBXProject "OpenGL_Tutorial" */ = {
			isa = XCConfigurationList;
			buildConfigurations = (
				C3A9ECBB2564509100FD225B /* Debug */,
				C3A9ECBC2564509100FD225B /* Release */,
			);
			defaultConfigurationIsVisible = 0;
			defaultConfigurationName = Release;
		};
		C3A9ECC8256452F200FD225B /* Build configuration list for PBXNativeTarget "GoOpenGL" */ = {
			isa = XCConfigurationList;
			buildConfigurations = (
				C3A9ECC6256452F200FD225B /* Debug */,
				C3A9ECC7256452F200FD225B /* Release */,
			);
			defaultConfigurationIsVisible = 0;
			defaultConfigurationName = Release;
		};
/* End XCConfigurationList section */
	};
	rootObject = C3A9ECB72564509100FD225B /* Project object */;
}
